
Microsoft Visual Studio Solution File, Format Version 12.00
# Visual Studio Version 17
VisualStudioVersion = 17.8.34330.188
MinimumVisualStudioVersion = 10.0.40219.1
Project("{FAE04EC0-301F-11D3-BF4B-00C04F79EFBC}") = "WebApplication1", "WebApplication1\WebApplication1.csproj", "{7A93E78F-4809-4CE9-B073-AD07AF3A5A01}"
EndProject
Global
	GlobalSection(SolutionConfigurationPlatforms) = preSolution
		Debug|Any CPU = Debug|Any CPU
		Release|Any CPU = Release|Any CPU
	EndGlobalSection
	GlobalSection(ProjectConfigurationPlatforms) = postSolution
		{7A93E78F-4809-4CE9-B073-AD07AF3A5A01}.Debug|Any CPU.ActiveCfg = Debug|Any CPU
		{7A93E78F-4809-4CE9-B073-AD07AF3A5A01}.Debug|Any CPU.Build.0 = Debug|Any CPU
		{7A93E78F-4809-4CE9-B073-AD07AF3A5A01}.Release|Any CPU.ActiveCfg = Release|Any CPU
		{7A93E78F-4809-4CE9-B073-AD07AF3A5A01}.Release|Any CPU.Build.0 = Release|Any CPU
	EndGlobalSection
	GlobalSection(SolutionProperties) = preSolution
		HideSolutionNode = FALSE
	EndGlobalSection
	GlobalSection(ExtensibilityGlobals) = postSolution
		SolutionGuid = {29F2ADF4-3EF8-4050-89D7-6818E1333A11}
	EndGlobalSection
EndGlobal
